
Microsoft Visual Studio Solution File, Format Version 12.00
# Visual Studio 15
VisualStudioVersion = 15.0.27130.2003
MinimumVisualStudioVersion = 10.0.40219.1
Project("{FAE04EC0-301F-11D3-BF4B-00C04F79EFBC}") = "Задача_1", "Задача_1\Задача_1.csproj", "{32EA4E3A-7932-4908-96CF-572255B408CD}"
EndProject
Global
	GlobalSection(SolutionConfigurationPlatforms) = preSolution
		Debug|Any CPU = Debug|Any CPU
		Release|Any CPU = Release|Any CPU
	EndGlobalSection
	GlobalSection(ProjectConfigurationPlatforms) = postSolution
		{32EA4E3A-7932-4908-96CF-572255B408CD}.Debug|Any CPU.ActiveCfg = Debug|Any CPU
		{32EA4E3A-7932-4908-96CF-572255B408CD}.Debug|Any CPU.Build.0 = Debug|Any CPU
		{32EA4E3A-7932-4908-96CF-572255B408CD}.Release|Any CPU.ActiveCfg = Release|Any CPU
		{32EA4E3A-7932-4908-96CF-572255B408CD}.Release|Any CPU.Build.0 = Release|Any CPU
	EndGlobalSection
	GlobalSection(SolutionProperties) = preSolution
		HideSolutionNode = FALSE
	EndGlobalSection
	GlobalSection(ExtensibilityGlobals) = postSolution
		SolutionGuid = {9049F1CC-1969-491E-8197-A8542633115B}
	EndGlobalSection
EndGlobal
