
Microsoft Visual Studio Solution File, Format Version 12.00
# Visual Studio 15
VisualStudioVersion = 15.0.27130.2003
MinimumVisualStudioVersion = 10.0.40219.1
Project("{FAE04EC0-301F-11D3-BF4B-00C04F79EFBC}") = "Задача_4", "Задача_4\Задача_4.csproj", "{0D8F390B-34A0-42FF-AEE9-FC7AD99F021C}"
EndProject
Global
	GlobalSection(SolutionConfigurationPlatforms) = preSolution
		Debug|Any CPU = Debug|Any CPU
		Release|Any CPU = Release|Any CPU
	EndGlobalSection
	GlobalSection(ProjectConfigurationPlatforms) = postSolution
		{0D8F390B-34A0-42FF-AEE9-FC7AD99F021C}.Debug|Any CPU.ActiveCfg = Debug|Any CPU
		{0D8F390B-34A0-42FF-AEE9-FC7AD99F021C}.Debug|Any CPU.Build.0 = Debug|Any CPU
		{0D8F390B-34A0-42FF-AEE9-FC7AD99F021C}.Release|Any CPU.ActiveCfg = Release|Any CPU
		{0D8F390B-34A0-42FF-AEE9-FC7AD99F021C}.Release|Any CPU.Build.0 = Release|Any CPU
	EndGlobalSection
	GlobalSection(SolutionProperties) = preSolution
		HideSolutionNode = FALSE
	EndGlobalSection
	GlobalSection(ExtensibilityGlobals) = postSolution
		SolutionGuid = {7E42007E-8227-4A1C-B29E-6D3B091175BD}
	EndGlobalSection
EndGlobal
