
Microsoft Visual Studio Solution File, Format Version 12.00
# Visual Studio 15
VisualStudioVersion = 15.0.27130.2003
MinimumVisualStudioVersion = 10.0.40219.1
Project("{FAE04EC0-301F-11D3-BF4B-00C04F79EFBC}") = "1.6 makeArrayConsecutive2", "1.6 makeArrayConsecutive2\1.6 makeArrayConsecutive2.csproj", "{BEC2ABF2-2BCA-4A2B-B583-2C58A22E8738}"
EndProject
Global
	GlobalSection(SolutionConfigurationPlatforms) = preSolution
		Debug|Any CPU = Debug|Any CPU
		Release|Any CPU = Release|Any CPU
	EndGlobalSection
	GlobalSection(ProjectConfigurationPlatforms) = postSolution
		{BEC2ABF2-2BCA-4A2B-B583-2C58A22E8738}.Debug|Any CPU.ActiveCfg = Debug|Any CPU
		{BEC2ABF2-2BCA-4A2B-B583-2C58A22E8738}.Debug|Any CPU.Build.0 = Debug|Any CPU
		{BEC2ABF2-2BCA-4A2B-B583-2C58A22E8738}.Release|Any CPU.ActiveCfg = Release|Any CPU
		{BEC2ABF2-2BCA-4A2B-B583-2C58A22E8738}.Release|Any CPU.Build.0 = Release|Any CPU
	EndGlobalSection
	GlobalSection(SolutionProperties) = preSolution
		HideSolutionNode = FALSE
	EndGlobalSection
	GlobalSection(ExtensibilityGlobals) = postSolution
		SolutionGuid = {6B3177E8-BC5E-4731-BA08-24766F5BF74F}
	EndGlobalSection
EndGlobal
