
Microsoft Visual Studio Solution File, Format Version 12.00
# Visual Studio 15
VisualStudioVersion = 15.0.27130.2003
MinimumVisualStudioVersion = 10.0.40219.1
Project("{FAE04EC0-301F-11D3-BF4B-00C04F79EFBC}") = "Расчет интеграла по графику", "Расчет интеграла по графику\Расчет интеграла по графику.csproj", "{1E3D1352-3CF4-47A6-8F48-A377F9F4EBE7}"
EndProject
Global
	GlobalSection(SolutionConfigurationPlatforms) = preSolution
		Debug|Any CPU = Debug|Any CPU
		Release|Any CPU = Release|Any CPU
	EndGlobalSection
	GlobalSection(ProjectConfigurationPlatforms) = postSolution
		{1E3D1352-3CF4-47A6-8F48-A377F9F4EBE7}.Debug|Any CPU.ActiveCfg = Debug|Any CPU
		{1E3D1352-3CF4-47A6-8F48-A377F9F4EBE7}.Debug|Any CPU.Build.0 = Debug|Any CPU
		{1E3D1352-3CF4-47A6-8F48-A377F9F4EBE7}.Release|Any CPU.ActiveCfg = Release|Any CPU
		{1E3D1352-3CF4-47A6-8F48-A377F9F4EBE7}.Release|Any CPU.Build.0 = Release|Any CPU
	EndGlobalSection
	GlobalSection(SolutionProperties) = preSolution
		HideSolutionNode = FALSE
	EndGlobalSection
	GlobalSection(ExtensibilityGlobals) = postSolution
		SolutionGuid = {7DE8F0DA-0179-4364-9CAD-52D65059F1D4}
	EndGlobalSection
EndGlobal
