
Microsoft Visual Studio Solution File, Format Version 12.00
# Visual Studio 15
VisualStudioVersion = 15.0.27130.2003
MinimumVisualStudioVersion = 10.0.40219.1
Project("{FAE04EC0-301F-11D3-BF4B-00C04F79EFBC}") = "Самостоятельная работа_6", "Самостоятельная работа_6\Самостоятельная работа_6.csproj", "{9F634A11-86ED-42EE-8DB5-D11ACABD1690}"
EndProject
Global
	GlobalSection(SolutionConfigurationPlatforms) = preSolution
		Debug|Any CPU = Debug|Any CPU
		Release|Any CPU = Release|Any CPU
	EndGlobalSection
	GlobalSection(ProjectConfigurationPlatforms) = postSolution
		{9F634A11-86ED-42EE-8DB5-D11ACABD1690}.Debug|Any CPU.ActiveCfg = Debug|Any CPU
		{9F634A11-86ED-42EE-8DB5-D11ACABD1690}.Debug|Any CPU.Build.0 = Debug|Any CPU
		{9F634A11-86ED-42EE-8DB5-D11ACABD1690}.Release|Any CPU.ActiveCfg = Release|Any CPU
		{9F634A11-86ED-42EE-8DB5-D11ACABD1690}.Release|Any CPU.Build.0 = Release|Any CPU
	EndGlobalSection
	GlobalSection(SolutionProperties) = preSolution
		HideSolutionNode = FALSE
	EndGlobalSection
	GlobalSection(ExtensibilityGlobals) = postSolution
		SolutionGuid = {BEA212BF-DC9D-4CEC-9AB6-D08F387AC20A}
	EndGlobalSection
EndGlobal
