
Microsoft Visual Studio Solution File, Format Version 12.00
# Visual Studio 15
VisualStudioVersion = 15.0.27130.2003
MinimumVisualStudioVersion = 10.0.40219.1
Project("{FAE04EC0-301F-11D3-BF4B-00C04F79EFBC}") = "Задача_7", "Задача_7\Задача_7.csproj", "{EA94CA35-6291-41C6-82A9-92D91EB154D9}"
EndProject
Global
	GlobalSection(SolutionConfigurationPlatforms) = preSolution
		Debug|Any CPU = Debug|Any CPU
		Release|Any CPU = Release|Any CPU
	EndGlobalSection
	GlobalSection(ProjectConfigurationPlatforms) = postSolution
		{EA94CA35-6291-41C6-82A9-92D91EB154D9}.Debug|Any CPU.ActiveCfg = Debug|Any CPU
		{EA94CA35-6291-41C6-82A9-92D91EB154D9}.Debug|Any CPU.Build.0 = Debug|Any CPU
		{EA94CA35-6291-41C6-82A9-92D91EB154D9}.Release|Any CPU.ActiveCfg = Release|Any CPU
		{EA94CA35-6291-41C6-82A9-92D91EB154D9}.Release|Any CPU.Build.0 = Release|Any CPU
	EndGlobalSection
	GlobalSection(SolutionProperties) = preSolution
		HideSolutionNode = FALSE
	EndGlobalSection
	GlobalSection(ExtensibilityGlobals) = postSolution
		SolutionGuid = {BC67E01A-C329-4E8F-A66C-6FA526204EEB}
	EndGlobalSection
EndGlobal
